
Microsoft Visual Studio Solution File, Format Version 12.00
# Visual Studio Version 17
VisualStudioVersion = 17.7.34221.43
MinimumVisualStudioVersion = 10.0.40219.1
Project("{FAE04EC0-301F-11D3-BF4B-00C04F79EFBC}") = "photoShow", "photoShow.csproj", "{51EE7BBE-AF25-4269-B479-384430BA1B99}"
EndProject
Global
	GlobalSection(SolutionConfigurationPlatforms) = preSolution
		Debug|Any CPU = Debug|Any CPU
		Release|Any CPU = Release|Any CPU
	EndGlobalSection
	GlobalSection(ProjectConfigurationPlatforms) = postSolution
		{51EE7BBE-AF25-4269-B479-384430BA1B99}.Debug|Any CPU.ActiveCfg = Debug|Any CPU
		{51EE7BBE-AF25-4269-B479-384430BA1B99}.Debug|Any CPU.Build.0 = Debug|Any CPU
		{51EE7BBE-AF25-4269-B479-384430BA1B99}.Release|Any CPU.ActiveCfg = Release|Any CPU
		{51EE7BBE-AF25-4269-B479-384430BA1B99}.Release|Any CPU.Build.0 = Release|Any CPU
	EndGlobalSection
	GlobalSection(SolutionProperties) = preSolution
		HideSolutionNode = FALSE
	EndGlobalSection
	GlobalSection(ExtensibilityGlobals) = postSolution
		SolutionGuid = {82C5426A-2758-4C8C-9D71-B3C5FBAB1655}
	EndGlobalSection
EndGlobal
